
Microsoft Visual Studio Solution File, Format Version 12.00
# Visual Studio Version 17
VisualStudioVersion = 17.10.35027.167
MinimumVisualStudioVersion = 10.0.40219.1
Project("{8BC9CEB8-8B4A-11D0-8D11-00A0C91BC942}") = "Grader Program", "Grader Program\Grader Program.vcxproj", "{41269B4F-D361-4DEB-A7E2-47D3B5741291}"
EndProject
Project("{2150E333-8FDC-42A3-9474-1A3956D46DE8}") = "Main Directory", "Main Directory", "{FA46401A-5406-491D-BE41-C8B14EA4F82B}"
EndProject
Project("{2150E333-8FDC-42A3-9474-1A3956D46DE8}") = "Test Directory", "Test Directory", "{C4180FE6-33A8-4A5B-BC3C-EA90FD5C21BB}"
EndProject
Project("{2150E333-8FDC-42A3-9474-1A3956D46DE8}") = "Test One", "Test One", "{46B953EA-17E7-48C5-BB48-5A97856A7057}"
EndProject
Project("{8BC9CEB8-8B4A-11D0-8D11-00A0C91BC942}") = "Test One", "Test One\Test One.vcxproj", "{E9AE8011-90E8-45A7-A8D6-951E446ABB61}"
EndProject
Project("{2150E333-8FDC-42A3-9474-1A3956D46DE8}") = "Test Two", "Test Two", "{193B5850-CBE4-4F25-9240-95806E19C01F}"
EndProject
Project("{8BC9CEB8-8B4A-11D0-8D11-00A0C91BC942}") = "Test Two", "Test Two\Test Two.vcxproj", "{F2C96ED9-220E-445D-A49A-56F0931ECE44}"
EndProject
Project("{2150E333-8FDC-42A3-9474-1A3956D46DE8}") = "Test Three", "Test Three", "{07B9DC94-2F6A-4ED4-8CE7-4FEAE9692831}"
EndProject
Project("{8BC9CEB8-8B4A-11D0-8D11-00A0C91BC942}") = "Test Three", "Test Three\Test Three.vcxproj", "{CCB958F6-E0F0-4EF5-8F78-FF25CDE38050}"
EndProject
Project("{2150E333-8FDC-42A3-9474-1A3956D46DE8}") = "Grader Program", "Grader Program", "{923CA2F9-759E-4344-B98B-A4EED168868E}"
EndProject
Global
	GlobalSection(SolutionConfigurationPlatforms) = preSolution
		Debug|x64 = Debug|x64
		Debug|x86 = Debug|x86
		Release|x64 = Release|x64
		Release|x86 = Release|x86
	EndGlobalSection
	GlobalSection(ProjectConfigurationPlatforms) = postSolution
		{41269B4F-D361-4DEB-A7E2-47D3B5741291}.Debug|x64.ActiveCfg = Debug|x64
		{41269B4F-D361-4DEB-A7E2-47D3B5741291}.Debug|x64.Build.0 = Debug|x64
		{41269B4F-D361-4DEB-A7E2-47D3B5741291}.Debug|x86.ActiveCfg = Debug|Win32
		{41269B4F-D361-4DEB-A7E2-47D3B5741291}.Debug|x86.Build.0 = Debug|Win32
		{41269B4F-D361-4DEB-A7E2-47D3B5741291}.Release|x64.ActiveCfg = Release|x64
		{41269B4F-D361-4DEB-A7E2-47D3B5741291}.Release|x64.Build.0 = Release|x64
		{41269B4F-D361-4DEB-A7E2-47D3B5741291}.Release|x86.ActiveCfg = Release|Win32
		{41269B4F-D361-4DEB-A7E2-47D3B5741291}.Release|x86.Build.0 = Release|Win32
		{E9AE8011-90E8-45A7-A8D6-951E446ABB61}.Debug|x64.ActiveCfg = Debug|x64
		{E9AE8011-90E8-45A7-A8D6-951E446ABB61}.Debug|x64.Build.0 = Debug|x64
		{E9AE8011-90E8-45A7-A8D6-951E446ABB61}.Debug|x86.ActiveCfg = Debug|Win32
		{E9AE8011-90E8-45A7-A8D6-951E446ABB61}.Debug|x86.Build.0 = Debug|Win32
		{E9AE8011-90E8-45A7-A8D6-951E446ABB61}.Release|x64.ActiveCfg = Release|x64
		{E9AE8011-90E8-45A7-A8D6-951E446ABB61}.Release|x64.Build.0 = Release|x64
		{E9AE8011-90E8-45A7-A8D6-951E446ABB61}.Release|x86.ActiveCfg = Release|Win32
		{E9AE8011-90E8-45A7-A8D6-951E446ABB61}.Release|x86.Build.0 = Release|Win32
		{F2C96ED9-220E-445D-A49A-56F0931ECE44}.Debug|x64.ActiveCfg = Debug|x64
		{F2C96ED9-220E-445D-A49A-56F0931ECE44}.Debug|x64.Build.0 = Debug|x64
		{F2C96ED9-220E-445D-A49A-56F0931ECE44}.Debug|x86.ActiveCfg = Debug|Win32
		{F2C96ED9-220E-445D-A49A-56F0931ECE44}.Debug|x86.Build.0 = Debug|Win32
		{F2C96ED9-220E-445D-A49A-56F0931ECE44}.Release|x64.ActiveCfg = Release|x64
		{F2C96ED9-220E-445D-A49A-56F0931ECE44}.Release|x64.Build.0 = Release|x64
		{F2C96ED9-220E-445D-A49A-56F0931ECE44}.Release|x86.ActiveCfg = Release|Win32
		{F2C96ED9-220E-445D-A49A-56F0931ECE44}.Release|x86.Build.0 = Release|Win32
		{CCB958F6-E0F0-4EF5-8F78-FF25CDE38050}.Debug|x64.ActiveCfg = Debug|x64
		{CCB958F6-E0F0-4EF5-8F78-FF25CDE38050}.Debug|x64.Build.0 = Debug|x64
		{CCB958F6-E0F0-4EF5-8F78-FF25CDE38050}.Debug|x86.ActiveCfg = Debug|Win32
		{CCB958F6-E0F0-4EF5-8F78-FF25CDE38050}.Debug|x86.Build.0 = Debug|Win32
		{CCB958F6-E0F0-4EF5-8F78-FF25CDE38050}.Release|x64.ActiveCfg = Release|x64
		{CCB958F6-E0F0-4EF5-8F78-FF25CDE38050}.Release|x64.Build.0 = Release|x64
		{CCB958F6-E0F0-4EF5-8F78-FF25CDE38050}.Release|x86.ActiveCfg = Release|Win32
		{CCB958F6-E0F0-4EF5-8F78-FF25CDE38050}.Release|x86.Build.0 = Release|Win32
	EndGlobalSection
	GlobalSection(SolutionProperties) = preSolution
		HideSolutionNode = FALSE
	EndGlobalSection
	GlobalSection(NestedProjects) = preSolution
		{41269B4F-D361-4DEB-A7E2-47D3B5741291} = {923CA2F9-759E-4344-B98B-A4EED168868E}
		{46B953EA-17E7-48C5-BB48-5A97856A7057} = {C4180FE6-33A8-4A5B-BC3C-EA90FD5C21BB}
		{E9AE8011-90E8-45A7-A8D6-951E446ABB61} = {46B953EA-17E7-48C5-BB48-5A97856A7057}
		{193B5850-CBE4-4F25-9240-95806E19C01F} = {C4180FE6-33A8-4A5B-BC3C-EA90FD5C21BB}
		{F2C96ED9-220E-445D-A49A-56F0931ECE44} = {193B5850-CBE4-4F25-9240-95806E19C01F}
		{07B9DC94-2F6A-4ED4-8CE7-4FEAE9692831} = {C4180FE6-33A8-4A5B-BC3C-EA90FD5C21BB}
		{CCB958F6-E0F0-4EF5-8F78-FF25CDE38050} = {07B9DC94-2F6A-4ED4-8CE7-4FEAE9692831}
		{923CA2F9-759E-4344-B98B-A4EED168868E} = {FA46401A-5406-491D-BE41-C8B14EA4F82B}
	EndGlobalSection
	GlobalSection(ExtensibilityGlobals) = postSolution
		SolutionGuid = {8878D1DB-20DC-4BA1-8540-F25CBC8120F9}
	EndGlobalSection
EndGlobal
